
Microsoft Visual Studio Solution File, Format Version 12.00
# Visual Studio 14
VisualStudioVersion = 14.0.22310.1
MinimumVisualStudioVersion = 10.0.40219.1
Project("{2150E333-8FDC-42A3-9474-1A3956D46DE8}") = "Engine", "Engine", "{F960CD3B-656D-4135-B386-F73B951D7DD8}"
EndProject
Project("{2150E333-8FDC-42A3-9474-1A3956D46DE8}") = "Games", "Games", "{408BB4D9-26B7-49EC-8298-DD2C3CD5A4D3}"
EndProject
Project("{8BC9CEB8-8B4A-11D0-8D11-00A0C91BC942}") = "UE4", "Intermediate\ProjectFiles\UE4.vcxproj", "{D3D9B4EA-BF47-4323-A7DD-D86B4A3EE81B}"
EndProject
Project("{8BC9CEB8-8B4A-11D0-8D11-00A0C91BC942}") = "Tanks", "Intermediate\ProjectFiles\Tanks.vcxproj", "{976F700B-50A0-4111-AD8B-95AF1EEF4A25}"
EndProject
Global
	GlobalSection(SolutionConfigurationPlatforms) = preSolution
		DebugGame Editor|HTML5 = DebugGame Editor|HTML5
		DebugGame Editor|Win32 = DebugGame Editor|Win32
		DebugGame Editor|Win64 = DebugGame Editor|Win64
		DebugGame|HTML5 = DebugGame|HTML5
		DebugGame|Win32 = DebugGame|Win32
		DebugGame|Win64 = DebugGame|Win64
		Development Editor|HTML5 = Development Editor|HTML5
		Development Editor|Win32 = Development Editor|Win32
		Development Editor|Win64 = Development Editor|Win64
		Development|HTML5 = Development|HTML5
		Development|Win32 = Development|Win32
		Development|Win64 = Development|Win64
		Shipping|HTML5 = Shipping|HTML5
		Shipping|Win32 = Shipping|Win32
		Shipping|Win64 = Shipping|Win64
	EndGlobalSection
	GlobalSection(ProjectConfigurationPlatforms) = postSolution
		{976F700B-50A0-4111-AD8B-95AF1EEF4A25}.DebugGame Editor|HTML5.ActiveCfg = HTML5_DebugGame_Editor|Win32
		{976F700B-50A0-4111-AD8B-95AF1EEF4A25}.DebugGame Editor|Win32.ActiveCfg = DebugGame_Editor|Win32
		{976F700B-50A0-4111-AD8B-95AF1EEF4A25}.DebugGame Editor|Win64.ActiveCfg = DebugGame_Editor|x64
		{976F700B-50A0-4111-AD8B-95AF1EEF4A25}.DebugGame Editor|Win64.Build.0 = DebugGame_Editor|x64
		{976F700B-50A0-4111-AD8B-95AF1EEF4A25}.DebugGame|HTML5.ActiveCfg = HTML5_DebugGame_Game|Win32
		{976F700B-50A0-4111-AD8B-95AF1EEF4A25}.DebugGame|HTML5.Build.0 = HTML5_DebugGame_Game|Win32
		{976F700B-50A0-4111-AD8B-95AF1EEF4A25}.DebugGame|Win32.ActiveCfg = DebugGame_Game|Win32
		{976F700B-50A0-4111-AD8B-95AF1EEF4A25}.DebugGame|Win32.Build.0 = DebugGame_Game|Win32
		{976F700B-50A0-4111-AD8B-95AF1EEF4A25}.DebugGame|Win64.ActiveCfg = DebugGame_Game|x64
		{976F700B-50A0-4111-AD8B-95AF1EEF4A25}.DebugGame|Win64.Build.0 = DebugGame_Game|x64
		{976F700B-50A0-4111-AD8B-95AF1EEF4A25}.Development Editor|HTML5.ActiveCfg = HTML5_Development_Editor|Win32
		{976F700B-50A0-4111-AD8B-95AF1EEF4A25}.Development Editor|Win32.ActiveCfg = Development_Editor|Win32
		{976F700B-50A0-4111-AD8B-95AF1EEF4A25}.Development Editor|Win64.ActiveCfg = Development_Editor|x64
		{976F700B-50A0-4111-AD8B-95AF1EEF4A25}.Development Editor|Win64.Build.0 = Development_Editor|x64
		{976F700B-50A0-4111-AD8B-95AF1EEF4A25}.Development|HTML5.ActiveCfg = HTML5_Development_Game|Win32
		{976F700B-50A0-4111-AD8B-95AF1EEF4A25}.Development|HTML5.Build.0 = HTML5_Development_Game|Win32
		{976F700B-50A0-4111-AD8B-95AF1EEF4A25}.Development|Win32.ActiveCfg = Development_Game|Win32
		{976F700B-50A0-4111-AD8B-95AF1EEF4A25}.Development|Win32.Build.0 = Development_Game|Win32
		{976F700B-50A0-4111-AD8B-95AF1EEF4A25}.Development|Win64.ActiveCfg = Development_Game|x64
		{976F700B-50A0-4111-AD8B-95AF1EEF4A25}.Development|Win64.Build.0 = Development_Game|x64
		{976F700B-50A0-4111-AD8B-95AF1EEF4A25}.Shipping|HTML5.ActiveCfg = HTML5_Shipping_Game|Win32
		{976F700B-50A0-4111-AD8B-95AF1EEF4A25}.Shipping|HTML5.Build.0 = HTML5_Shipping_Game|Win32
		{976F700B-50A0-4111-AD8B-95AF1EEF4A25}.Shipping|Win32.ActiveCfg = Shipping_Game|Win32
		{976F700B-50A0-4111-AD8B-95AF1EEF4A25}.Shipping|Win32.Build.0 = Shipping_Game|Win32
		{976F700B-50A0-4111-AD8B-95AF1EEF4A25}.Shipping|Win64.ActiveCfg = Shipping_Game|x64
		{976F700B-50A0-4111-AD8B-95AF1EEF4A25}.Shipping|Win64.Build.0 = Shipping_Game|x64
	EndGlobalSection
	GlobalSection(SolutionProperties) = preSolution
		HideSolutionNode = FALSE
	EndGlobalSection
	GlobalSection(NestedProjects) = preSolution
		{D3D9B4EA-BF47-4323-A7DD-D86B4A3EE81B} = {F960CD3B-656D-4135-B386-F73B951D7DD8}
		{976F700B-50A0-4111-AD8B-95AF1EEF4A25} = {408BB4D9-26B7-49EC-8298-DD2C3CD5A4D3}
	EndGlobalSection
EndGlobal
